
Microsoft Visual Studio Solution File, Format Version 12.00
# Visual Studio Version 17
VisualStudioVersion = 17.14.36511.14 d17.14
MinimumVisualStudioVersion = 10.0.40219.1
Project("{FAE04EC0-301F-11D3-BF4B-00C04F79EFBC}") = "task13", "task13\task13.csproj", "{CAA0682A-98C1-4B43-BD54-EA2A22C5FD96}"
EndProject
Global
	GlobalSection(SolutionConfigurationPlatforms) = preSolution
		Debug|Any CPU = Debug|Any CPU
		Release|Any CPU = Release|Any CPU
	EndGlobalSection
	GlobalSection(ProjectConfigurationPlatforms) = postSolution
		{CAA0682A-98C1-4B43-BD54-EA2A22C5FD96}.Debug|Any CPU.ActiveCfg = Debug|Any CPU
		{CAA0682A-98C1-4B43-BD54-EA2A22C5FD96}.Debug|Any CPU.Build.0 = Debug|Any CPU
		{CAA0682A-98C1-4B43-BD54-EA2A22C5FD96}.Release|Any CPU.ActiveCfg = Release|Any CPU
		{CAA0682A-98C1-4B43-BD54-EA2A22C5FD96}.Release|Any CPU.Build.0 = Release|Any CPU
	EndGlobalSection
	GlobalSection(SolutionProperties) = preSolution
		HideSolutionNode = FALSE
	EndGlobalSection
	GlobalSection(ExtensibilityGlobals) = postSolution
		SolutionGuid = {625DE7FD-22BB-4A41-B2C7-163FD0955D1B}
	EndGlobalSection
EndGlobal
