
Microsoft Visual Studio Solution File, Format Version 12.00
# Visual Studio Version 17
VisualStudioVersion = 17.14.36511.14 d17.14
MinimumVisualStudioVersion = 10.0.40219.1
Project("{FAE04EC0-301F-11D3-BF4B-00C04F79EFBC}") = "16", "16\16.csproj", "{0E6EB530-55A9-475C-B982-8F639DF4FA56}"
EndProject
Global
	GlobalSection(SolutionConfigurationPlatforms) = preSolution
		Debug|Any CPU = Debug|Any CPU
		Release|Any CPU = Release|Any CPU
	EndGlobalSection
	GlobalSection(ProjectConfigurationPlatforms) = postSolution
		{0E6EB530-55A9-475C-B982-8F639DF4FA56}.Debug|Any CPU.ActiveCfg = Debug|Any CPU
		{0E6EB530-55A9-475C-B982-8F639DF4FA56}.Debug|Any CPU.Build.0 = Debug|Any CPU
		{0E6EB530-55A9-475C-B982-8F639DF4FA56}.Release|Any CPU.ActiveCfg = Release|Any CPU
		{0E6EB530-55A9-475C-B982-8F639DF4FA56}.Release|Any CPU.Build.0 = Release|Any CPU
	EndGlobalSection
	GlobalSection(SolutionProperties) = preSolution
		HideSolutionNode = FALSE
	EndGlobalSection
	GlobalSection(ExtensibilityGlobals) = postSolution
		SolutionGuid = {748DEE59-8B39-4AFD-A938-56BD8004D821}
	EndGlobalSection
EndGlobal
